
Microsoft Visual Studio Solution File, Format Version 12.00
# Visual Studio Version 16
VisualStudioVersion = 16.0.29102.190
MinimumVisualStudioVersion = 10.0.40219.1
Project("{FAE04EC0-301F-11D3-BF4B-00C04F79EFBC}") = "head first OOAD Guitar", "head first OOAD Guitar\head first OOAD Guitar.csproj", "{45B5AB1D-E0F9-41C8-9131-ADE4B1B121D0}"
EndProject
Global
	GlobalSection(SolutionConfigurationPlatforms) = preSolution
		Debug|Any CPU = Debug|Any CPU
		Release|Any CPU = Release|Any CPU
	EndGlobalSection
	GlobalSection(ProjectConfigurationPlatforms) = postSolution
		{45B5AB1D-E0F9-41C8-9131-ADE4B1B121D0}.Debug|Any CPU.ActiveCfg = Debug|Any CPU
		{45B5AB1D-E0F9-41C8-9131-ADE4B1B121D0}.Debug|Any CPU.Build.0 = Debug|Any CPU
		{45B5AB1D-E0F9-41C8-9131-ADE4B1B121D0}.Release|Any CPU.ActiveCfg = Release|Any CPU
		{45B5AB1D-E0F9-41C8-9131-ADE4B1B121D0}.Release|Any CPU.Build.0 = Release|Any CPU
	EndGlobalSection
	GlobalSection(SolutionProperties) = preSolution
		HideSolutionNode = FALSE
	EndGlobalSection
	GlobalSection(ExtensibilityGlobals) = postSolution
		SolutionGuid = {7BC7CA16-C337-4931-85A2-FE942D3173E1}
	EndGlobalSection
EndGlobal
